// !$*UTF8*$!
{
	archiveVersion = 1;
	classes = {
	};
	objectVersion = 50;
	objects = {

/* Begin PBXBuildFile section */
		91BC4BBC214DF3B500D06BDF /* AppDelegate.swift in Sources */ = {isa = PBXBuildFile; fileRef = 91BC4BBB214DF3B500D06BDF /* AppDelegate.swift */; };
		91BC4BBE214DF3B500D06BDF /* ViewController.swift in Sources */ = {isa = PBXBuildFile; fileRef = 91BC4BBD214DF3B500D06BDF /* ViewController.swift */; };
		91BC4BC1214DF3B500D06BDF /* Main.storyboard in Resources */ = {isa = PBXBuildFile; fileRef = 91BC4BBF214DF3B500D06BDF /* Main.storyboard */; };
		91BC4BC3214DF3B800D06BDF /* Assets.xcassets in Resources */ = {isa = PBXBuildFile; fileRef = 91BC4BC2214DF3B800D06BDF /* Assets.xcassets */; };
		91BC4BC6214DF3B800D06BDF /* LaunchScreen.storyboard in Resources */ = {isa = PBXBuildFile; fileRef = 91BC4BC4214DF3B800D06BDF /* LaunchScreen.storyboard */; };
		91BC4BD1214DF3B800D06BDF /* HelloWorldAppTests.swift in Sources */ = {isa = PBXBuildFile; fileRef = 91BC4BD0214DF3B800D06BDF /* HelloWorldAppTests.swift */; };
		91BC4BDC214DF3B800D06BDF /* HelloWorldAppUITests.swift in Sources */ = {isa = PBXBuildFile; fileRef = 91BC4BDB214DF3B800D06BDF /* HelloWorldAppUITests.swift */; };
/* End PBXBuildFile section */

/* Begin PBXContainerItemProxy section */
		91BC4BCD214DF3B800D06BDF /* PBXContainerItemProxy */ = {
			isa = PBXContainerItemProxy;
			containerPortal = 91BC4BB0214DF3B500D06BDF /* Project object */;
			proxyType = 1;
			remoteGlobalIDString = 91BC4BB7214DF3B500D06BDF;
			remoteInfo = HelloWorldApp;
		};
		91BC4BD8214DF3B800D06BDF /* PBXContainerItemProxy */ = {
			isa = PBXContainerItemProxy;
			containerPortal = 91BC4BB0214DF3B500D06BDF /* Project object */;
			proxyType = 1;
			remoteGlobalIDString = 91BC4BB7214DF3B500D06BDF;
			remoteInfo = HelloWorldApp;
		};
/* End PBXContainerItemProxy section */

/* Begin PBXFileReference section */
		91BC4BB8214DF3B500D06BDF /* HelloWorldApp.app */ = {isa = PBXFileReference; explicitFileType = wrapper.application; includeInIndex = 0; path = HelloWorldApp.app; sourceTree = BUILT_PRODUCTS_DIR; };
		91BC4BBB214DF3B500D06BDF /* AppDelegate.swift */ = {isa = PBXFileReference; lastKnownFileType = sourcecode.swift; path = AppDelegate.swift; sourceTree = "<group>"; };
		91BC4BBD214DF3B500D06BDF /* ViewController.swift */ = {isa = PBXFileReference; lastKnownFileType = sourcecode.swift; path = ViewController.swift; sourceTree = "<group>"; };
		91BC4BC0214DF3B500D06BDF /* Base */ = {isa = PBXFileReference; lastKnownFileType = file.storyboard; name = Base; path = Base.lproj/Main.storyboard; sourceTree = "<group>"; };
		91BC4BC2214DF3B800D06BDF /* Assets.xcassets */ = {isa = PBXFileReference; lastKnownFileType = folder.assetcatalog; path = Assets.xcassets; sourceTree = "<group>"; };
		91BC4BC5214DF3B800D06BDF /* Base */ = {isa = PBXFileReference; lastKnownFileType = file.storyboard; name = Base; path = Base.lproj/LaunchScreen.storyboard; sourceTree = "<group>"; };
		91BC4BC7214DF3B800D06BDF /* Info.plist */ = {isa = PBXFileReference; lastKnownFileType = text.plist.xml; path = Info.plist; sourceTree = "<group>"; };
		91BC4BCC214DF3B800D06BDF /* HelloWorldAppTests.xctest */ = {isa = PBXFileReference; explicitFileType = wrapper.cfbundle; includeInIndex = 0; path = HelloWorldAppTests.xctest; sourceTree = BUILT_PRODUCTS_DIR; };
		91BC4BD0214DF3B800D06BDF /* HelloWorldAppTests.swift */ = {isa = PBXFileReference; lastKnownFileType = sourcecode.swift; path = HelloWorldAppTests.swift; sourceTree = "<group>"; };
		91BC4BD2214DF3B800D06BDF /* Info.plist */ = {isa = PBXFileReference; lastKnownFileType = text.plist.xml; path = Info.plist; sourceTree = "<group>"; };
		91BC4BD7214DF3B800D06BDF /* HelloWorldAppUITests.xctest */ = {isa = PBXFileReference; explicitFileType = wrapper.cfbundle; includeInIndex = 0; path = HelloWorldAppUITests.xctest; sourceTree = BUILT_PRODUCTS_DIR; };
		91BC4BDB214DF3B800D06BDF /* HelloWorldAppUITests.swift */ = {isa = PBXFileReference; lastKnownFileType = sourcecode.swift; path = HelloWorldAppUITests.swift; sourceTree = "<group>"; };
		91BC4BDD214DF3B800D06BDF /* Info.plist */ = {isa = PBXFileReference; lastKnownFileType = text.plist.xml; path = Info.plist; sourceTree = "<group>"; };
/* End PBXFileReference section */

/* Begin PBXFrameworksBuildPhase section */
		91BC4BB5214DF3B500D06BDF /* Frameworks */ = {
			isa = PBXFrameworksBuildPhase;
			buildActionMask = 2147483647;
			files = (
			);
			runOnlyForDeploymentPostprocessing = 0;
		};
		91BC4BC9214DF3B800D06BDF /* Frameworks */ = {
			isa = PBXFrameworksBuildPhase;
			buildActionMask = 2147483647;
			files = (
			);
			runOnlyForDeploymentPostprocessing = 0;
		};
		91BC4BD4214DF3B800D06BDF /* Frameworks */ = {
			isa = PBXFrameworksBuildPhase;
			buildActionMask = 2147483647;
			files = (
			);
			runOnlyForDeploymentPostprocessing = 0;
		};
/* End PBXFrameworksBuildPhase section */

/* Begin PBXGroup section */
		91BC4BAF214DF3B500D06BDF = {
			isa = PBXGroup;
			children = (
				91BC4BBA214DF3B500D06BDF /* HelloWorldApp */,
				91BC4BCF214DF3B800D06BDF /* HelloWorldAppTests */,
				91BC4BDA214DF3B800D06BDF /* HelloWorldAppUITests */,
				91BC4BB9214DF3B500D06BDF /* Products */,
			);
			sourceTree = "<group>";
		};
		91BC4BB9214DF3B500D06BDF /* Products */ = {
			isa = PBXGroup;
			children = (
				91BC4BB8214DF3B500D06BDF /* HelloWorldApp.app */,
				91BC4BCC214DF3B800D06BDF /* HelloWorldAppTests.xctest */,
				91BC4BD7214DF3B800D06BDF /* HelloWorldAppUITests.xctest */,
			);
			name = Products;
			sourceTree = "<group>";
		};
		91BC4BBA214DF3B500D06BDF /* HelloWorldApp */ = {
			isa = PBXGroup;
			children = (
				91BC4BBB214DF3B500D06BDF /* AppDelegate.swift */,
				91BC4BBD214DF3B500D06BDF /* ViewController.swift */,
				91BC4BBF214DF3B500D06BDF /* Main.storyboard */,
				91BC4BC2214DF3B800D06BDF /* Assets.xcassets */,
				91BC4BC4214DF3B800D06BDF /* LaunchScreen.storyboard */,
				91BC4BC7214DF3B800D06BDF /* Info.plist */,
			);
			path = HelloWorldApp;
			sourceTree = "<group>";
		};
		91BC4BCF214DF3B800D06BDF /* HelloWorldAppTests */ = {
			isa = PBXGroup;
			children = (
				91BC4BD0214DF3B800D06BDF /* HelloWorldAppTests.swift */,
				91BC4BD2214DF3B800D06BDF /* Info.plist */,
			);
			path = HelloWorldAppTests;
			sourceTree = "<group>";
		};
		91BC4BDA214DF3B800D06BDF /* HelloWorldAppUITests */ = {
			isa = PBXGroup;
			children = (
				91BC4BDB214DF3B800D06BDF /* HelloWorldAppUITests.swift */,
				91BC4BDD214DF3B800D06BDF /* Info.plist */,
			);
			path = HelloWorldAppUITests;
			sourceTree = "<group>";
		};
/* End PBXGroup section */

/* Begin PBXNativeTarget section */
		91BC4BB7214DF3B500D06BDF /* HelloWorldApp */ = {
			isa = PBXNativeTarget;
			buildConfigurationList = 91BC4BE0214DF3B800D06BDF /* Build configuration list for PBXNativeTarget "HelloWorldApp" */;
			buildPhases = (
				91BC4BB4214DF3B500D06BDF /* Sources */,
				91BC4BB5214DF3B500D06BDF /* Frameworks */,
				91BC4BB6214DF3B500D06BDF /* Resources */,
			);
			buildRules = (
			);
			dependencies = (
			);
			name = HelloWorldApp;
			productName = HelloWorldApp;
			productReference = 91BC4BB8214DF3B500D06BDF /* HelloWorldApp.app */;
			productType = "com.apple.product-type.application";
		};
		91BC4BCB214DF3B800D06BDF /* HelloWorldAppTests */ = {
			isa = PBXNativeTarget;
			buildConfigurationList = 91BC4BE3214DF3B800D06BDF /* Build configuration list for PBXNativeTarget "HelloWorldAppTests" */;
			buildPhases = (
				91BC4BC8214DF3B800D06BDF /* Sources */,
				91BC4BC9214DF3B800D06BDF /* Frameworks */,
				91BC4BCA214DF3B800D06BDF /* Resources */,
			);
			buildRules = (
			);
			dependencies = (
				91BC4BCE214DF3B800D06BDF /* PBXTargetDependency */,
			);
			name = HelloWorldAppTests;
			productName = HelloWorldAppTests;
			productReference = 91BC4BCC214DF3B800D06BDF /* HelloWorldAppTests.xctest */;
			productType = "com.apple.product-type.bundle.unit-test";
		};
		91BC4BD6214DF3B800D06BDF /* HelloWorldAppUITests */ = {
			isa = PBXNativeTarget;
			buildConfigurationList = 91BC4BE6214DF3B800D06BDF /* Build configuration list for PBXNativeTarget "HelloWorldAppUITests" */;
			buildPhases = (
				91BC4BD3214DF3B800D06BDF /* Sources */,
				91BC4BD4214DF3B800D06BDF /* Frameworks */,
				91BC4BD5214DF3B800D06BDF /* Resources */,
			);
			buildRules = (
			);
			dependencies = (
				91BC4BD9214DF3B800D06BDF /* PBXTargetDependency */,
			);
			name = HelloWorldAppUITests;
			productName = HelloWorldAppUITests;
			productReference = 91BC4BD7214DF3B800D06BDF /* HelloWorldAppUITests.xctest */;
			productType = "com.apple.product-type.bundle.ui-testing";
		};
/* End PBXNativeTarget section */

/* Begin PBXProject section */
		91BC4BB0214DF3B500D06BDF /* Project object */ = {
			isa = PBXProject;
			attributes = {
				LastSwiftUpdateCheck = 0940;
				LastUpgradeCheck = 0940;
				ORGANIZATIONNAME = "Guadalupe Cisneros";
				TargetAttributes = {
					91BC4BB7214DF3B500D06BDF = {
						CreatedOnToolsVersion = 9.4.1;
					};
					91BC4BCB214DF3B800D06BDF = {
						CreatedOnToolsVersion = 9.4.1;
						TestTargetID = 91BC4BB7214DF3B500D06BDF;
					};
					91BC4BD6214DF3B800D06BDF = {
						CreatedOnToolsVersion = 9.4.1;
						TestTargetID = 91BC4BB7214DF3B500D06BDF;
					};
				};
			};
			buildConfigurationList = 91BC4BB3214DF3B500D06BDF /* Build configuration list for PBXProject "HelloWorldApp" */;
			compatibilityVersion = "Xcode 9.3";
			developmentRegion = en;
			hasScannedForEncodings = 0;
			knownRegions = (
				en,
				Base,
			);
			mainGroup = 91BC4BAF214DF3B500D06BDF;
			productRefGroup = 91BC4BB9214DF3B500D06BDF /* Products */;
			projectDirPath = "";
			projectRoot = "";
			targets = (
				91BC4BB7214DF3B500D06BDF /* HelloWorldApp */,
				91BC4BCB214DF3B800D06BDF /* HelloWorldAppTests */,
				91BC4BD6214DF3B800D06BDF /* HelloWorldAppUITests */,
			);
		};
/* End PBXProject section */

/* Begin PBXResourcesBuildPhase section */
		91BC4BB6214DF3B500D06BDF /* Resources */ = {
			isa = PBXResourcesBuildPhase;
			buildActionMask = 2147483647;
			files = (
				91BC4BC6214DF3B800D06BDF /* LaunchScreen.storyboard in Resources */,
				91BC4BC3214DF3B800D06BDF /* Assets.xcassets in Resources */,
				91BC4BC1214DF3B500D06BDF /* Main.storyboard in Resources */,
			);
			runOnlyForDeploymentPostprocessing = 0;
		};
		91BC4BCA214DF3B800D06BDF /* Resources */ = {
			isa = PBXResourcesBuildPhase;
			buildActionMask = 2147483647;
			files = (
			);
			runOnlyForDeploymentPostprocessing = 0;
		};
		91BC4BD5214DF3B800D06BDF /* Resources */ = {
			isa = PBXResourcesBuildPhase;
			buildActionMask = 2147483647;
			files = (
			);
			runOnlyForDeploymentPostprocessing = 0;
		};
/* End PBXResourcesBuildPhase section */

/* Begin PBXSourcesBuildPhase section */
		91BC4BB4214DF3B500D06BDF /* Sources */ = {
			isa = PBXSourcesBuildPhase;
			buildActionMask = 2147483647;
			files = (
				91BC4BBE214DF3B500D06BDF /* ViewController.swift in Sources */,
				91BC4BBC214DF3B500D06BDF /* AppDelegate.swift in Sources */,
			);
			runOnlyForDeploymentPostprocessing = 0;
		};
		91BC4BC8214DF3B800D06BDF /* Sources */ = {
			isa = PBXSourcesBuildPhase;
			buildActionMask = 2147483647;
			files = (
				91BC4BD1214DF3B800D06BDF /* HelloWorldAppTests.swift in Sources */,
			);
			runOnlyForDeploymentPostprocessing = 0;
		};
		91BC4BD3214DF3B800D06BDF /* Sources */ = {
			isa = PBXSourcesBuildPhase;
			buildActionMask = 2147483647;
			files = (
				91BC4BDC214DF3B800D06BDF /* HelloWorldAppUITests.swift in Sources */,
			);
			runOnlyForDeploymentPostprocessing = 0;
		};
/* End PBXSourcesBuildPhase section */

/* Begin PBXTargetDependency section */
		91BC4BCE214DF3B800D06BDF /* PBXTargetDependency */ = {
			isa = PBXTargetDependency;
			target = 91BC4BB7214DF3B500D06BDF /* HelloWorldApp */;
			targetProxy = 91BC4BCD214DF3B800D06BDF /* PBXContainerItemProxy */;
		};
		91BC4BD9214DF3B800D06BDF /* PBXTargetDependency */ = {
			isa = PBXTargetDependency;
			target = 91BC4BB7214DF3B500D06BDF /* HelloWorldApp */;
			targetProxy = 91BC4BD8214DF3B800D06BDF /* PBXContainerItemProxy */;
		};
/* End PBXTargetDependency section */

/* Begin PBXVariantGroup section */
		91BC4BBF214DF3B500D06BDF /* Main.storyboard */ = {
			isa = PBXVariantGroup;
			children = (
				91BC4BC0214DF3B500D06BDF /* Base */,
			);
			name = Main.storyboard;
			sourceTree = "<group>";
		};
		91BC4BC4214DF3B800D06BDF /* LaunchScreen.storyboard */ = {
			isa = PBXVariantGroup;
			children = (
				91BC4BC5214DF3B800D06BDF /* Base */,
			);
			name = LaunchScreen.storyboard;
			sourceTree = "<group>";
		};
/* End PBXVariantGroup section */

/* Begin XCBuildConfiguration section */
		91BC4BDE214DF3B800D06BDF /* Debug */ = {
			isa = XCBuildConfiguration;
			buildSettings = {
				ALWAYS_SEARCH_USER_PATHS = NO;
				CLANG_ANALYZER_NONNULL = YES;
				CLANG_ANALYZER_NUMBER_OBJECT_CONVERSION = YES_AGGRESSIVE;
				CLANG_CXX_LANGUAGE_STANDARD = "gnu++14";
				CLANG_CXX_LIBRARY = "libc++";
				CLANG_ENABLE_MODULES = YES;
				CLANG_ENABLE_OBJC_ARC = YES;
				CLANG_ENABLE_OBJC_WEAK = YES;
				CLANG_WARN_BLOCK_CAPTURE_AUTORELEASING = YES;
				CLANG_WARN_BOOL_CONVERSION = YES;
				CLANG_WARN_COMMA = YES;
				CLANG_WARN_CONSTANT_CONVERSION = YES;
				CLANG_WARN_DEPRECATED_OBJC_IMPLEMENTATIONS = YES;
				CLANG_WARN_DIRECT_OBJC_ISA_USAGE = YES_ERROR;
				CLANG_WARN_DOCUMENTATION_COMMENTS = YES;
				CLANG_WARN_EMPTY_BODY = YES;
				CLANG_WARN_ENUM_CONVERSION = YES;
				CLANG_WARN_INFINITE_RECURSION = YES;
				CLANG_WARN_INT_CONVERSION = YES;
				CLANG_WARN_NON_LITERAL_NULL_CONVERSION = YES;
				CLANG_WARN_OBJC_IMPLICIT_RETAIN_SELF = YES;
				CLANG_WARN_OBJC_LITERAL_CONVERSION = YES;
				CLANG_WARN_OBJC_ROOT_CLASS = YES_ERROR;
				CLANG_WARN_RANGE_LOOP_ANALYSIS = YES;
				CLANG_WARN_STRICT_PROTOTYPES = YES;
				CLANG_WARN_SUSPICIOUS_MOVE = YES;
				CLANG_WARN_UNGUARDED_AVAILABILITY = YES_AGGRESSIVE;
				CLANG_WARN_UNREACHABLE_CODE = YES;
				CLANG_WARN__DUPLICATE_METHOD_MATCH = YES;
				CODE_SIGN_IDENTITY = "iPhone Developer";
				COPY_PHASE_STRIP = NO;
				DEBUG_INFORMATION_FORMAT = dwarf;
				ENABLE_STRICT_OBJC_MSGSEND = YES;
				ENABLE_TESTABILITY = YES;
				GCC_C_LANGUAGE_STANDARD = gnu11;
				GCC_DYNAMIC_NO_PIC = NO;
				GCC_NO_COMMON_BLOCKS = YES;
				GCC_OPTIMIZATION_LEVEL = 0;
				GCC_PREPROCESSOR_DEFINITIONS = (
					"DEBUG=1",
					"$(inherited)",
				);
				GCC_WARN_64_TO_32_BIT_CONVERSION = YES;
				GCC_WARN_ABOUT_RETURN_TYPE = YES_ERROR;
				GCC_WARN_UNDECLARED_SELECTOR = YES;
				GCC_WARN_UNINITIALIZED_AUTOS = YES_AGGRESSIVE;
				GCC_WARN_UNUSED_FUNCTION = YES;
				GCC_WARN_UNUSED_VARIABLE = YES;
				IPHONEOS_DEPLOYMENT_TARGET = 11.4;
				MTL_ENABLE_DEBUG_INFO = YES;
				ONLY_ACTIVE_ARCH = YES;
				SDKROOT = iphoneos;
				SWIFT_ACTIVE_COMPILATION_CONDITIONS = DEBUG;
				SWIFT_OPTIMIZATION_LEVEL = "-Onone";
			};
			name = Debug;
		};
		91BC4BDF214DF3B800D06BDF /* Release */ = {
			isa = XCBuildConfiguration;
			buildSettings = {
				ALWAYS_SEARCH_USER_PATHS = NO;
				CLANG_ANALYZER_NONNULL = YES;
				CLANG_ANALYZER_NUMBER_OBJECT_CONVERSION = YES_AGGRESSIVE;
				CLANG_CXX_LANGUAGE_STANDARD = "gnu++14";
				CLANG_CXX_LIBRARY = "libc++";
				CLANG_ENABLE_MODULES = YES;
				CLANG_ENABLE_OBJC_ARC = YES;
				CLANG_ENABLE_OBJC_WEAK = YES;
				CLANG_WARN_BLOCK_CAPTURE_AUTORELEASING = YES;
				CLANG_WARN_BOOL_CONVERSION = YES;
				CLANG_WARN_COMMA = YES;
				CLANG_WARN_CONSTANT_CONVERSION = YES;
				CLANG_WARN_DEPRECATED_OBJC_IMPLEMENTATIONS = YES;
				CLANG_WARN_DIRECT_OBJC_ISA_USAGE = YES_ERROR;
				CLANG_WARN_DOCUMENTATION_COMMENTS = YES;
				CLANG_WARN_EMPTY_BODY = YES;
				CLANG_WARN_ENUM_CONVERSION = YES;
				CLANG_WARN_INFINITE_RECURSION = YES;
				CLANG_WARN_INT_CONVERSION = YES;
				CLANG_WARN_NON_LITERAL_NULL_CONVERSION = YES;
				CLANG_WARN_OBJC_IMPLICIT_RETAIN_SELF = YES;
				CLANG_WARN_OBJC_LITERAL_CONVERSION = YES;
				CLANG_WARN_OBJC_ROOT_CLASS = YES_ERROR;
				CLANG_WARN_RANGE_LOOP_ANALYSIS = YES;
				CLANG_WARN_STRICT_PROTOTYPES = YES;
				CLANG_WARN_SUSPICIOUS_MOVE = YES;
				CLANG_WARN_UNGUARDED_AVAILABILITY = YES_AGGRESSIVE;
				CLANG_WARN_UNREACHABLE_CODE = YES;
				CLANG_WARN__DUPLICATE_METHOD_MATCH = YES;
				CODE_SIGN_IDENTITY = "iPhone Developer";
				COPY_PHASE_STRIP = NO;
				DEBUG_INFORMATION_FORMAT = "dwarf-with-dsym";
				ENABLE_NS_ASSERTIONS = NO;
				ENABLE_STRICT_OBJC_MSGSEND = YES;
				GCC_C_LANGUAGE_STANDARD = gnu11;
				GCC_NO_COMMON_BLOCKS = YES;
				GCC_WARN_64_TO_32_BIT_CONVERSION = YES;
				GCC_WARN_ABOUT_RETURN_TYPE = YES_ERROR;
				GCC_WARN_UNDECLARED_SELECTOR = YES;
				GCC_WARN_UNINITIALIZED_AUTOS = YES_AGGRESSIVE;
				GCC_WARN_UNUSED_FUNCTION = YES;
				GCC_WARN_UNUSED_VARIABLE = YES;
				IPHONEOS_DEPLOYMENT_TARGET = 11.4;
				MTL_ENABLE_DEBUG_INFO = NO;
				SDKROOT = iphoneos;
				SWIFT_COMPILATION_MODE = wholemodule;
				SWIFT_OPTIMIZATION_LEVEL = "-O";
				VALIDATE_PRODUCT = YES;
			};
			name = Release;
		};
		91BC4BE1214DF3B800D06BDF /* Debug */ = {
			isa = XCBuildConfiguration;
			buildSettings = {
				ASSETCATALOG_COMPILER_APPICON_NAME = AppIcon;
				CODE_SIGN_STYLE = Automatic;
				INFOPLIST_FILE = HelloWorldApp/Info.plist;
				LD_RUNPATH_SEARCH_PATHS = (
					"$(inherited)",
					"@executable_path/Frameworks",
				);
				PRODUCT_BUNDLE_IDENTIFIER = com.guadalupe.HelloWorldApp;
				PRODUCT_NAME = "$(TARGET_NAME)";
				SWIFT_VERSION = 4.0;
				TARGETED_DEVICE_FAMILY = "1,2";
			};
			name = Debug;
		};
		91BC4BE2214DF3B800D06BDF /* Release */ = {
			isa = XCBuildConfiguration;
			buildSettings = {
				ASSETCATALOG_COMPILER_APPICON_NAME = AppIcon;
				CODE_SIGN_STYLE = Automatic;
				INFOPLIST_FILE = HelloWorldApp/Info.plist;
				LD_RUNPATH_SEARCH_PATHS = (
					"$(inherited)",
					"@executable_path/Frameworks",
				);
				PRODUCT_BUNDLE_IDENTIFIER = com.guadalupe.HelloWorldApp;
				PRODUCT_NAME = "$(TARGET_NAME)";
				SWIFT_VERSION = 4.0;
				TARGETED_DEVICE_FAMILY = "1,2";
			};
			name = Release;
		};
		91BC4BE4214DF3B800D06BDF /* Debug */ = {
			isa = XCBuildConfiguration;
			buildSettings = {
				ALWAYS_EMBED_SWIFT_STANDARD_LIBRARIES = YES;
				BUNDLE_LOADER = "$(TEST_HOST)";
				CODE_SIGN_STYLE = Automatic;
				INFOPLIST_FILE = HelloWorldAppTests/Info.plist;
				LD_RUNPATH_SEARCH_PATHS = (
					"$(inherited)",
					"@executable_path/Frameworks",
					"@loader_path/Frameworks",
				);
				PRODUCT_BUNDLE_IDENTIFIER = com.guadalupe.HelloWorldAppTests;
				PRODUCT_NAME = "$(TARGET_NAME)";
				SWIFT_VERSION = 4.0;
				TARGETED_DEVICE_FAMILY = "1,2";
				TEST_HOST = "$(BUILT_PRODUCTS_DIR)/HelloWorldApp.app/HelloWorldApp";
			};
			name = Debug;
		};
		91BC4BE5214DF3B800D06BDF /* Release */ = {
			isa = XCBuildConfiguration;
			buildSettings = {
				ALWAYS_EMBED_SWIFT_STANDARD_LIBRARIES = YES;
				BUNDLE_LOADER = "$(TEST_HOST)";
				CODE_SIGN_STYLE = Automatic;
				INFOPLIST_FILE = HelloWorldAppTests/Info.plist;
				LD_RUNPATH_SEARCH_PATHS = (
					"$(inherited)",
					"@executable_path/Frameworks",
					"@loader_path/Frameworks",
				);
				PRODUCT_BUNDLE_IDENTIFIER = com.guadalupe.HelloWorldAppTests;
				PRODUCT_NAME = "$(TARGET_NAME)";
				SWIFT_VERSION = 4.0;
				TARGETED_DEVICE_FAMILY = "1,2";
				TEST_HOST = "$(BUILT_PRODUCTS_DIR)/HelloWorldApp.app/HelloWorldApp";
			};
			name = Release;
		};
		91BC4BE7214DF3B800D06BDF /* Debug */ = {
			isa = XCBuildConfiguration;
			buildSettings = {
				ALWAYS_EMBED_SWIFT_STANDARD_LIBRARIES = YES;
				CODE_SIGN_STYLE = Automatic;
				INFOPLIST_FILE = HelloWorldAppUITests/Info.plist;
				LD_RUNPATH_SEARCH_PATHS = (
					"$(inherited)",
					"@executable_path/Frameworks",
					"@loader_path/Frameworks",
				);
				PRODUCT_BUNDLE_IDENTIFIER = com.guadalupe.HelloWorldAppUITests;
				PRODUCT_NAME = "$(TARGET_NAME)";
				SWIFT_VERSION = 4.0;
				TARGETED_DEVICE_FAMILY = "1,2";
				TEST_TARGET_NAME = HelloWorldApp;
			};
			name = Debug;
		};
		91BC4BE8214DF3B800D06BDF /* Release */ = {
			isa = XCBuildConfiguration;
			buildSettings = {
				ALWAYS_EMBED_SWIFT_STANDARD_LIBRARIES = YES;
				CODE_SIGN_STYLE = Automatic;
				INFOPLIST_FILE = HelloWorldAppUITests/Info.plist;
				LD_RUNPATH_SEARCH_PATHS = (
					"$(inherited)",
					"@executable_path/Frameworks",
					"@loader_path/Frameworks",
				);
				PRODUCT_BUNDLE_IDENTIFIER = com.guadalupe.HelloWorldAppUITests;
				PRODUCT_NAME = "$(TARGET_NAME)";
				SWIFT_VERSION = 4.0;
				TARGETED_DEVICE_FAMILY = "1,2";
				TEST_TARGET_NAME = HelloWorldApp;
			};
			name = Release;
		};
/* End XCBuildConfiguration section */

/* Begin XCConfigurationList section */
		91BC4BB3214DF3B500D06BDF /* Build configuration list for PBXProject "HelloWorldApp" */ = {
			isa = XCConfigurationList;
			buildConfigurations = (
				91BC4BDE214DF3B800D06BDF /* Debug */,
				91BC4BDF214DF3B800D06BDF /* Release */,
			);
			defaultConfigurationIsVisible = 0;
			defaultConfigurationName = Release;
		};
		91BC4BE0214DF3B800D06BDF /* Build configuration list for PBXNativeTarget "HelloWorldApp" */ = {
			isa = XCConfigurationList;
			buildConfigurations = (
				91BC4BE1214DF3B800D06BDF /* Debug */,
				91BC4BE2214DF3B800D06BDF /* Release */,
			);
			defaultConfigurationIsVisible = 0;
			defaultConfigurationName = Release;
		};
		91BC4BE3214DF3B800D06BDF /* Build configuration list for PBXNativeTarget "HelloWorldAppTests" */ = {
			isa = XCConfigurationList;
			buildConfigurations = (
				91BC4BE4214DF3B800D06BDF /* Debug */,
				91BC4BE5214DF3B800D06BDF /* Release */,
			);
			defaultConfigurationIsVisible = 0;
			defaultConfigurationName = Release;
		};
		91BC4BE6214DF3B800D06BDF /* Build configuration list for PBXNativeTarget "HelloWorldAppUITests" */ = {
			isa = XCConfigurationList;
			buildConfigurations = (
				91BC4BE7214DF3B800D06BDF /* Debug */,
				91BC4BE8214DF3B800D06BDF /* Release */,
			);
			defaultConfigurationIsVisible = 0;
			defaultConfigurationName = Release;
		};
/* End XCConfigurationList section */
	};
	rootObject = 91BC4BB0214DF3B500D06BDF /* Project object */;
}
